
Microsoft Visual Studio Solution File, Format Version 12.00
# Visual Studio Version 17
VisualStudioVersion = 17.13.35913.81 d17.13
MinimumVisualStudioVersion = 10.0.40219.1
Project("{8BC9CEB8-8B4A-11D0-8D11-00A0C91BC942}") = "GEqI", "GEqI\GEqI.vcxproj", "{06EBE7A6-4301-417F-8F93-EA8F18DF3D19}"
EndProject
Global
	GlobalSection(SolutionConfigurationPlatforms) = preSolution
		Debug|x64 = Debug|x64
		Debug|x86 = Debug|x86
		Release|x64 = Release|x64
		Release|x86 = Release|x86
	EndGlobalSection
	GlobalSection(ProjectConfigurationPlatforms) = postSolution
		{06EBE7A6-4301-417F-8F93-EA8F18DF3D19}.Debug|x64.ActiveCfg = Debug|x64
		{06EBE7A6-4301-417F-8F93-EA8F18DF3D19}.Debug|x64.Build.0 = Debug|x64
		{06EBE7A6-4301-417F-8F93-EA8F18DF3D19}.Debug|x86.ActiveCfg = Debug|Win32
		{06EBE7A6-4301-417F-8F93-EA8F18DF3D19}.Debug|x86.Build.0 = Debug|Win32
		{06EBE7A6-4301-417F-8F93-EA8F18DF3D19}.Release|x64.ActiveCfg = Release|x64
		{06EBE7A6-4301-417F-8F93-EA8F18DF3D19}.Release|x64.Build.0 = Release|x64
		{06EBE7A6-4301-417F-8F93-EA8F18DF3D19}.Release|x86.ActiveCfg = Release|Win32
		{06EBE7A6-4301-417F-8F93-EA8F18DF3D19}.Release|x86.Build.0 = Release|Win32
	EndGlobalSection
	GlobalSection(SolutionProperties) = preSolution
		HideSolutionNode = FALSE
	EndGlobalSection
	GlobalSection(ExtensibilityGlobals) = postSolution
		SolutionGuid = {519A8FD9-3A9C-4D85-998E-A4DE995926A3}
	EndGlobalSection
EndGlobal
